
Microsoft Visual Studio Solution File, Format Version 12.00
# Visual Studio Version 16
VisualStudioVersion = 16.0.32413.511
MinimumVisualStudioVersion = 10.0.40219.1
Project("{FAE04EC0-301F-11D3-BF4B-00C04F79EFBC}") = "R2_Generic_Class", "R2_Generic_Class\R2_Generic_Class.csproj", "{81159CFF-92A8-47B6-950F-A8AFD79E651A}"
EndProject
Project("{FAE04EC0-301F-11D3-BF4B-00C04F79EFBC}") = "R2_Generic_ClassTests", "R2_Generic_ClassTests\R2_Generic_ClassTests.csproj", "{DFD6745A-2CC0-425B-BB36-18C3ED579731}"
EndProject
Global
	GlobalSection(SolutionConfigurationPlatforms) = preSolution
		Debug|Any CPU = Debug|Any CPU
		Release|Any CPU = Release|Any CPU
	EndGlobalSection
	GlobalSection(ProjectConfigurationPlatforms) = postSolution
		{81159CFF-92A8-47B6-950F-A8AFD79E651A}.Debug|Any CPU.ActiveCfg = Debug|Any CPU
		{81159CFF-92A8-47B6-950F-A8AFD79E651A}.Debug|Any CPU.Build.0 = Debug|Any CPU
		{81159CFF-92A8-47B6-950F-A8AFD79E651A}.Release|Any CPU.ActiveCfg = Release|Any CPU
		{81159CFF-92A8-47B6-950F-A8AFD79E651A}.Release|Any CPU.Build.0 = Release|Any CPU
		{DFD6745A-2CC0-425B-BB36-18C3ED579731}.Debug|Any CPU.ActiveCfg = Debug|Any CPU
		{DFD6745A-2CC0-425B-BB36-18C3ED579731}.Debug|Any CPU.Build.0 = Debug|Any CPU
		{DFD6745A-2CC0-425B-BB36-18C3ED579731}.Release|Any CPU.ActiveCfg = Release|Any CPU
		{DFD6745A-2CC0-425B-BB36-18C3ED579731}.Release|Any CPU.Build.0 = Release|Any CPU
	EndGlobalSection
	GlobalSection(SolutionProperties) = preSolution
		HideSolutionNode = FALSE
	EndGlobalSection
	GlobalSection(ExtensibilityGlobals) = postSolution
		SolutionGuid = {B3309CC3-96AA-49A0-975B-B1A295F7F130}
	EndGlobalSection
EndGlobal
